
Microsoft Visual Studio Solution File, Format Version 12.00
# Visual Studio Version 17
VisualStudioVersion = 17.1.32421.90
MinimumVisualStudioVersion = 10.0.40219.1
Project("{9A19103F-16F7-4668-BE54-9A1E7A4F7556}") = "BabyCarrot", "BabyCarrot\BabyCarrot.csproj", "{C9FD29A1-F504-43CC-8658-33B890BC2717}"
EndProject
Project("{9A19103F-16F7-4668-BE54-9A1E7A4F7556}") = "BabyCarrotTest1", "BabyCarrotTest1\BabyCarrotTest1.csproj", "{C580314F-566A-4BDF-B052-3779671D1CAE}"
EndProject
Project("{FAE04EC0-301F-11D3-BF4B-00C04F79EFBC}") = "ClassLibrary1", "ClassLibrary1\ClassLibrary1.csproj", "{2D5F901B-F68F-4C55-A764-336FDDE07E14}"
EndProject
Project("{FAE04EC0-301F-11D3-BF4B-00C04F79EFBC}") = "WindowsFormsApp1", "WindowsFormsApp1\WindowsFormsApp1.csproj", "{749074AA-0406-4EF1-915A-43EB189F2729}"
EndProject
Global
	GlobalSection(SolutionConfigurationPlatforms) = preSolution
		Debug|Any CPU = Debug|Any CPU
		Release|Any CPU = Release|Any CPU
	EndGlobalSection
	GlobalSection(ProjectConfigurationPlatforms) = postSolution
		{C9FD29A1-F504-43CC-8658-33B890BC2717}.Debug|Any CPU.ActiveCfg = Debug|Any CPU
		{C9FD29A1-F504-43CC-8658-33B890BC2717}.Debug|Any CPU.Build.0 = Debug|Any CPU
		{C9FD29A1-F504-43CC-8658-33B890BC2717}.Release|Any CPU.ActiveCfg = Release|Any CPU
		{C9FD29A1-F504-43CC-8658-33B890BC2717}.Release|Any CPU.Build.0 = Release|Any CPU
		{C580314F-566A-4BDF-B052-3779671D1CAE}.Debug|Any CPU.ActiveCfg = Debug|Any CPU
		{C580314F-566A-4BDF-B052-3779671D1CAE}.Debug|Any CPU.Build.0 = Debug|Any CPU
		{C580314F-566A-4BDF-B052-3779671D1CAE}.Release|Any CPU.ActiveCfg = Release|Any CPU
		{C580314F-566A-4BDF-B052-3779671D1CAE}.Release|Any CPU.Build.0 = Release|Any CPU
		{2D5F901B-F68F-4C55-A764-336FDDE07E14}.Debug|Any CPU.ActiveCfg = Debug|Any CPU
		{2D5F901B-F68F-4C55-A764-336FDDE07E14}.Debug|Any CPU.Build.0 = Debug|Any CPU
		{2D5F901B-F68F-4C55-A764-336FDDE07E14}.Release|Any CPU.ActiveCfg = Release|Any CPU
		{2D5F901B-F68F-4C55-A764-336FDDE07E14}.Release|Any CPU.Build.0 = Release|Any CPU
		{749074AA-0406-4EF1-915A-43EB189F2729}.Debug|Any CPU.ActiveCfg = Debug|Any CPU
		{749074AA-0406-4EF1-915A-43EB189F2729}.Debug|Any CPU.Build.0 = Debug|Any CPU
		{749074AA-0406-4EF1-915A-43EB189F2729}.Release|Any CPU.ActiveCfg = Release|Any CPU
		{749074AA-0406-4EF1-915A-43EB189F2729}.Release|Any CPU.Build.0 = Release|Any CPU
	EndGlobalSection
	GlobalSection(SolutionProperties) = preSolution
		HideSolutionNode = FALSE
	EndGlobalSection
	GlobalSection(ExtensibilityGlobals) = postSolution
		SolutionGuid = {9D9E3EED-210C-4297-96E2-5203A8BC78BC}
	EndGlobalSection
EndGlobal
